
Microsoft Visual Studio Solution File, Format Version 12.00
# Visual Studio Version 17
VisualStudioVersion = 17.5.33627.172
MinimumVisualStudioVersion = 10.0.40219.1
Project("{8BC9CEB8-8B4A-11D0-8D11-00A0C91BC942}") = "hnmnhjmnhjmnhjmn", "hnmnhjmnhjmnhjmn\hnmnhjmnhjmnhjmn.vcxproj", "{A3FDD207-0AC3-4CEC-8566-87B90CD3BB44}"
EndProject
Global
	GlobalSection(SolutionConfigurationPlatforms) = preSolution
		Debug|x64 = Debug|x64
		Debug|x86 = Debug|x86
		Release|x64 = Release|x64
		Release|x86 = Release|x86
	EndGlobalSection
	GlobalSection(ProjectConfigurationPlatforms) = postSolution
		{A3FDD207-0AC3-4CEC-8566-87B90CD3BB44}.Debug|x64.ActiveCfg = Debug|x64
		{A3FDD207-0AC3-4CEC-8566-87B90CD3BB44}.Debug|x64.Build.0 = Debug|x64
		{A3FDD207-0AC3-4CEC-8566-87B90CD3BB44}.Debug|x86.ActiveCfg = Debug|Win32
		{A3FDD207-0AC3-4CEC-8566-87B90CD3BB44}.Debug|x86.Build.0 = Debug|Win32
		{A3FDD207-0AC3-4CEC-8566-87B90CD3BB44}.Release|x64.ActiveCfg = Release|x64
		{A3FDD207-0AC3-4CEC-8566-87B90CD3BB44}.Release|x64.Build.0 = Release|x64
		{A3FDD207-0AC3-4CEC-8566-87B90CD3BB44}.Release|x86.ActiveCfg = Release|Win32
		{A3FDD207-0AC3-4CEC-8566-87B90CD3BB44}.Release|x86.Build.0 = Release|Win32
	EndGlobalSection
	GlobalSection(SolutionProperties) = preSolution
		HideSolutionNode = FALSE
	EndGlobalSection
	GlobalSection(ExtensibilityGlobals) = postSolution
		SolutionGuid = {0E364B9A-E0CA-4054-B854-3FA1DE40942F}
	EndGlobalSection
EndGlobal
