<?xml version="1.0" encoding="utf-8"?>
<Project ToolsVersion="4.0" xmlns="http://schemas.microsoft.com/developer/msbuild/2003">
  <ItemGroup>
    <ClCompile Include="arm.cpp" />
    <ClCompile Include="armedEntity.cpp" />
    <ClCompile Include="arrow.cpp" />
    <ClCompile Include="Camera.cpp" />
    <ClCompile Include="guns.cpp" />
    <ClCompile Include="Bullet.cpp" />
    <ClCompile Include="pickaxes.cpp" />
    <ClCompile Include="swinging Item.cpp" />
    <ClCompile Include="Mafia.cpp" />
    <ClCompile Include="Tile Entities.cpp" />
    <ClCompile Include="Colliders.cpp" />
    <ClCompile Include="cursor.cpp" />
    <ClCompile Include="DEBUG.cpp" />
    <ClCompile Include="Entity.cpp" />
    <ClCompile Include="Entity1.cpp" />
    <ClCompile Include="guiHeartandMana.cpp" />
    <ClCompile Include="GUIInterface.cpp" />
    <ClCompile Include="Initializer_functions.cpp" />
    <ClCompile Include="Item.cpp" />
    <ClCompile Include="itemPickup.cpp" />
    <ClCompile Include="Items.cpp" />
    <ClCompile Include="Main.cpp" />
    <ClCompile Include="Main_Functions.cpp" />
    <ClCompile Include="multiTileObject.cpp" />
    <ClCompile Include="Player.cpp" />
    <ClCompile Include="base tile.cpp" />
    <ClCompile Include="textureInfo.cpp" />
    <ClCompile Include="tiles.cpp" />
    <ClCompile Include="tilewall.cpp" />
    <ClCompile Include="tilewalls.cpp" />
    <ClCompile Include="Vector2.cpp" />
    <ClCompile Include="bows.cpp" />
    <ClCompile Include="Zombie.cpp" />
    <ClCompile Include="BossBar.cpp" />
  </ItemGroup>
  <ItemGroup>
    <ClInclude Include="Colliders.h" />
    <ClInclude Include="Cursor.h" />
    <ClInclude Include="debug.h" />
    <ClInclude Include="Entities.h" />
    <ClInclude Include="Entity.h" />
    <ClInclude Include="game_datatypes.h" />
    <ClInclude Include="gui.h" />
    <ClInclude Include="headers.h" />
    <ClInclude Include="Item.h" />
    <ClInclude Include="ItemIDs.h" />
    <ClInclude Include="Items.h" />
    <ClInclude Include="Item_pickup.h" />
    <ClInclude Include="Item_specialisedTypes.h" />
    <ClInclude Include="Line.h" />
    <ClInclude Include="Main.h" />
    <ClInclude Include="Player.h" />
    <ClInclude Include="Projectiles.h" />
    <ClInclude Include="Tile.h" />
    <ClInclude Include="Tiles.h" />
    <ClInclude Include="tileWall.h" />
    <ClInclude Include="tileWalls.h" />
    <ClInclude Include="Vector2.h" />
    <ClInclude Include="Bossbar.h" />
  </ItemGroup>
</Project>