<?xml version="1.0" encoding="utf-8"?>
<Project ToolsVersion="4.0" xmlns="http://schemas.microsoft.com/developer/msbuild/2003">
  <ItemGroup>
    <ClCompile Include="textureInfo.cpp" />
    <ClCompile Include="Vector2.cpp" />
    <ClCompile Include="arm.cpp">
      <Filter>entity</Filter>
    </ClCompile>
    <ClCompile Include="armedEntity.cpp">
      <Filter>entity</Filter>
    </ClCompile>
    <ClCompile Include="arrow.cpp">
      <Filter>entity</Filter>
    </ClCompile>
    <ClCompile Include="base tile.cpp">
      <Filter>weapon</Filter>
    </ClCompile>
    <ClCompile Include="BossBar.cpp">
      <Filter>entity</Filter>
    </ClCompile>
    <ClCompile Include="bows.cpp">
      <Filter>weapon</Filter>
    </ClCompile>
    <ClCompile Include="Bullet.cpp">
      <Filter>entity</Filter>
    </ClCompile>
    <ClCompile Include="Colliders.cpp">
      <Filter>entity</Filter>
    </ClCompile>
    <ClCompile Include="Entity.cpp">
      <Filter>entity</Filter>
    </ClCompile>
    <ClCompile Include="Entity1.cpp">
      <Filter>entity</Filter>
    </ClCompile>
    <ClCompile Include="guiHeartandMana.cpp">
      <Filter>gui</Filter>
    </ClCompile>
    <ClCompile Include="GUIInterface.cpp">
      <Filter>gui</Filter>
    </ClCompile>
    <ClCompile Include="guns.cpp">
      <Filter>weapon</Filter>
    </ClCompile>
    <ClCompile Include="itemPickup.cpp">
      <Filter>item</Filter>
    </ClCompile>
    <ClCompile Include="Items.cpp">
      <Filter>item</Filter>
    </ClCompile>
    <ClCompile Include="multiTileObject.cpp">
      <Filter>tile</Filter>
    </ClCompile>
    <ClCompile Include="Item.cpp">
      <Filter>item</Filter>
    </ClCompile>
    <ClCompile Include="Mafia.cpp">
      <Filter>entity</Filter>
    </ClCompile>
    <ClCompile Include="Player.cpp">
      <Filter>entity</Filter>
    </ClCompile>
    <ClCompile Include="pickaxes.cpp">
      <Filter>item</Filter>
    </ClCompile>
    <ClCompile Include="swinging Item.cpp">
      <Filter>item</Filter>
    </ClCompile>
    <ClCompile Include="Tile Entities.cpp">
      <Filter>tile</Filter>
    </ClCompile>
    <ClCompile Include="tiles.cpp">
      <Filter>tile</Filter>
    </ClCompile>
    <ClCompile Include="tilewall.cpp">
      <Filter>tile</Filter>
    </ClCompile>
    <ClCompile Include="tilewalls.cpp">
      <Filter>tile</Filter>
    </ClCompile>
    <ClCompile Include="Zombie.cpp">
      <Filter>entity</Filter>
    </ClCompile>
    <ClCompile Include="Camera.cpp">
      <Filter>main</Filter>
    </ClCompile>
    <ClCompile Include="cursor.cpp">
      <Filter>main</Filter>
    </ClCompile>
    <ClCompile Include="DEBUG.cpp">
      <Filter>main</Filter>
    </ClCompile>
    <ClCompile Include="Initializer_functions.cpp">
      <Filter>main</Filter>
    </ClCompile>
    <ClCompile Include="Main.cpp">
      <Filter>main</Filter>
    </ClCompile>
    <ClCompile Include="Main_Functions.cpp">
      <Filter>main</Filter>
    </ClCompile>
    <ClCompile Include="accessories.cpp">
      <Filter>item</Filter>
    </ClCompile>
  </ItemGroup>
  <ItemGroup>
    <ClInclude Include="Vector2.h" />
    <ClInclude Include="Bossbar.h">
      <Filter>entity</Filter>
    </ClInclude>
    <ClInclude Include="Colliders.h">
      <Filter>entity</Filter>
    </ClInclude>
    <ClInclude Include="Entities.h">
      <Filter>entity</Filter>
    </ClInclude>
    <ClInclude Include="Entity.h">
      <Filter>entity</Filter>
    </ClInclude>
    <ClInclude Include="gui.h">
      <Filter>gui</Filter>
    </ClInclude>
    <ClInclude Include="Item.h">
      <Filter>item</Filter>
    </ClInclude>
    <ClInclude Include="Item_pickup.h">
      <Filter>item</Filter>
    </ClInclude>
    <ClInclude Include="Item_specialisedTypes.h">
      <Filter>item</Filter>
    </ClInclude>
    <ClInclude Include="ItemIDs.h">
      <Filter>item</Filter>
    </ClInclude>
    <ClInclude Include="Items.h">
      <Filter>item</Filter>
    </ClInclude>
    <ClInclude Include="Tile.h">
      <Filter>tile</Filter>
    </ClInclude>
    <ClInclude Include="Tiles.h">
      <Filter>tile</Filter>
    </ClInclude>
    <ClInclude Include="tileWall.h">
      <Filter>tile</Filter>
    </ClInclude>
    <ClInclude Include="tileWalls.h">
      <Filter>tile</Filter>
    </ClInclude>
    <ClInclude Include="Cursor.h">
      <Filter>main</Filter>
    </ClInclude>
    <ClInclude Include="debug.h">
      <Filter>main</Filter>
    </ClInclude>
    <ClInclude Include="game_datatypes.h">
      <Filter>main</Filter>
    </ClInclude>
    <ClInclude Include="headers.h">
      <Filter>main</Filter>
    </ClInclude>
    <ClInclude Include="Line.h">
      <Filter>main</Filter>
    </ClInclude>
    <ClInclude Include="Main.h">
      <Filter>main</Filter>
    </ClInclude>
    <ClInclude Include="Player.h">
      <Filter>entity</Filter>
    </ClInclude>
    <ClInclude Include="Projectiles.h">
      <Filter>entity</Filter>
    </ClInclude>
  </ItemGroup>
  <ItemGroup>
    <Filter Include="entity">
      <UniqueIdentifier>{8f0ef164-bde5-4998-92fd-181408c95b32}</UniqueIdentifier>
    </Filter>
    <Filter Include="weapon">
      <UniqueIdentifier>{20548b84-19de-4396-ba0f-6fe35685815b}</UniqueIdentifier>
    </Filter>
    <Filter Include="tile">
      <UniqueIdentifier>{8e7e448b-ab08-4b35-b212-56f9550d3d94}</UniqueIdentifier>
    </Filter>
    <Filter Include="gui">
      <UniqueIdentifier>{b711d3cd-9cd0-4145-b4b0-6a938128a820}</UniqueIdentifier>
    </Filter>
    <Filter Include="item">
      <UniqueIdentifier>{5c48b8f4-d270-4fc8-a81d-0e8280986fb4}</UniqueIdentifier>
    </Filter>
    <Filter Include="main">
      <UniqueIdentifier>{f015aa5d-5acd-4d6a-b44a-5f620fce30e4}</UniqueIdentifier>
    </Filter>
  </ItemGroup>
</Project>